
Microsoft Visual Studio Solution File, Format Version 12.00
# Visual Studio Version 17
VisualStudioVersion = 17.8.34330.188
MinimumVisualStudioVersion = 10.0.40219.1
Project("{2150E333-8FDC-42A3-9474-1A3956D46DE8}") = "EndPoint", "EndPoint", "{699FD714-89DB-4A1C-B931-FADEA9A9FD34}"
EndProject
Project("{2150E333-8FDC-42A3-9474-1A3956D46DE8}") = "Modules", "Modules", "{EB0FBA77-E6A1-4BBC-B779-44A1470DBE4C}"
EndProject
Project("{2150E333-8FDC-42A3-9474-1A3956D46DE8}") = "Shared", "Shared", "{4B6C7C56-3203-4DDF-8DA4-EBA180E17835}"
EndProject
Project("{2150E333-8FDC-42A3-9474-1A3956D46DE8}") = "Shared.Messaging", "Shared.Messaging", "{B6012535-B26B-49A1-B295-34BBAAB277ED}"
EndProject
Project("{2150E333-8FDC-42A3-9474-1A3956D46DE8}") = "Shared.Contract", "Shared.Contract", "{2FD80E35-D510-44AA-B71F-63CB0579CC9C}"
EndProject
Project("{2150E333-8FDC-42A3-9474-1A3956D46DE8}") = "Shared", "Shared", "{8277B3AF-6D48-4C62-AA61-F5248491E9E3}"
EndProject
Project("{FAE04EC0-301F-11D3-BF4B-00C04F79EFBC}") = "Shared", "Shared\Shared\Shared\Shared.csproj", "{1771DD42-3451-420B-83E6-ACE963A2DE6C}"
EndProject
Project("{2150E333-8FDC-42A3-9474-1A3956D46DE8}") = "Basket", "Basket", "{84DB49AF-45F8-4DC9-A66B-524F02F7ACDC}"
EndProject
Project("{2150E333-8FDC-42A3-9474-1A3956D46DE8}") = "Ordering", "Ordering", "{F1C17817-AD00-480A-8AA0-917FB30CF991}"
EndProject
Project("{2150E333-8FDC-42A3-9474-1A3956D46DE8}") = "Catalog", "Catalog", "{195FC1EA-9406-4EAF-BE04-405134977E58}"
EndProject
Project("{FAE04EC0-301F-11D3-BF4B-00C04F79EFBC}") = "Basket", "Modules\Basket\Basket\Basket.csproj", "{E5C0030C-CAC4-427E-B655-85DD2D580196}"
EndProject
Project("{FAE04EC0-301F-11D3-BF4B-00C04F79EFBC}") = "Catalog", "Modules\Catalog\Catalog\Catalog.csproj", "{C005CBA1-5D21-41F9-98EE-D59A2510807E}"
EndProject
Project("{FAE04EC0-301F-11D3-BF4B-00C04F79EFBC}") = "Ordering", "Modules\Ordering\Ordering\Ordering.csproj", "{15161E91-C040-4E8C-A4F4-8C65C4AC5001}"
EndProject
Project("{FAE04EC0-301F-11D3-BF4B-00C04F79EFBC}") = "Api", "EndPoint\Api\Api.csproj", "{DD388273-E42E-45A0-BEED-32E82FF476BC}"
EndProject
Global
	GlobalSection(SolutionConfigurationPlatforms) = preSolution
		Debug|Any CPU = Debug|Any CPU
		Release|Any CPU = Release|Any CPU
	EndGlobalSection
	GlobalSection(ProjectConfigurationPlatforms) = postSolution
		{1771DD42-3451-420B-83E6-ACE963A2DE6C}.Debug|Any CPU.ActiveCfg = Debug|Any CPU
		{1771DD42-3451-420B-83E6-ACE963A2DE6C}.Debug|Any CPU.Build.0 = Debug|Any CPU
		{1771DD42-3451-420B-83E6-ACE963A2DE6C}.Release|Any CPU.ActiveCfg = Release|Any CPU
		{1771DD42-3451-420B-83E6-ACE963A2DE6C}.Release|Any CPU.Build.0 = Release|Any CPU
		{E5C0030C-CAC4-427E-B655-85DD2D580196}.Debug|Any CPU.ActiveCfg = Debug|Any CPU
		{E5C0030C-CAC4-427E-B655-85DD2D580196}.Debug|Any CPU.Build.0 = Debug|Any CPU
		{E5C0030C-CAC4-427E-B655-85DD2D580196}.Release|Any CPU.ActiveCfg = Release|Any CPU
		{E5C0030C-CAC4-427E-B655-85DD2D580196}.Release|Any CPU.Build.0 = Release|Any CPU
		{C005CBA1-5D21-41F9-98EE-D59A2510807E}.Debug|Any CPU.ActiveCfg = Debug|Any CPU
		{C005CBA1-5D21-41F9-98EE-D59A2510807E}.Debug|Any CPU.Build.0 = Debug|Any CPU
		{C005CBA1-5D21-41F9-98EE-D59A2510807E}.Release|Any CPU.ActiveCfg = Release|Any CPU
		{C005CBA1-5D21-41F9-98EE-D59A2510807E}.Release|Any CPU.Build.0 = Release|Any CPU
		{15161E91-C040-4E8C-A4F4-8C65C4AC5001}.Debug|Any CPU.ActiveCfg = Debug|Any CPU
		{15161E91-C040-4E8C-A4F4-8C65C4AC5001}.Debug|Any CPU.Build.0 = Debug|Any CPU
		{15161E91-C040-4E8C-A4F4-8C65C4AC5001}.Release|Any CPU.ActiveCfg = Release|Any CPU
		{15161E91-C040-4E8C-A4F4-8C65C4AC5001}.Release|Any CPU.Build.0 = Release|Any CPU
		{DD388273-E42E-45A0-BEED-32E82FF476BC}.Debug|Any CPU.ActiveCfg = Debug|Any CPU
		{DD388273-E42E-45A0-BEED-32E82FF476BC}.Debug|Any CPU.Build.0 = Debug|Any CPU
		{DD388273-E42E-45A0-BEED-32E82FF476BC}.Release|Any CPU.ActiveCfg = Release|Any CPU
		{DD388273-E42E-45A0-BEED-32E82FF476BC}.Release|Any CPU.Build.0 = Release|Any CPU
	EndGlobalSection
	GlobalSection(SolutionProperties) = preSolution
		HideSolutionNode = FALSE
	EndGlobalSection
	GlobalSection(NestedProjects) = preSolution
		{B6012535-B26B-49A1-B295-34BBAAB277ED} = {4B6C7C56-3203-4DDF-8DA4-EBA180E17835}
		{2FD80E35-D510-44AA-B71F-63CB0579CC9C} = {4B6C7C56-3203-4DDF-8DA4-EBA180E17835}
		{8277B3AF-6D48-4C62-AA61-F5248491E9E3} = {4B6C7C56-3203-4DDF-8DA4-EBA180E17835}
		{1771DD42-3451-420B-83E6-ACE963A2DE6C} = {8277B3AF-6D48-4C62-AA61-F5248491E9E3}
		{84DB49AF-45F8-4DC9-A66B-524F02F7ACDC} = {EB0FBA77-E6A1-4BBC-B779-44A1470DBE4C}
		{F1C17817-AD00-480A-8AA0-917FB30CF991} = {EB0FBA77-E6A1-4BBC-B779-44A1470DBE4C}
		{195FC1EA-9406-4EAF-BE04-405134977E58} = {EB0FBA77-E6A1-4BBC-B779-44A1470DBE4C}
		{E5C0030C-CAC4-427E-B655-85DD2D580196} = {84DB49AF-45F8-4DC9-A66B-524F02F7ACDC}
		{C005CBA1-5D21-41F9-98EE-D59A2510807E} = {195FC1EA-9406-4EAF-BE04-405134977E58}
		{15161E91-C040-4E8C-A4F4-8C65C4AC5001} = {F1C17817-AD00-480A-8AA0-917FB30CF991}
		{DD388273-E42E-45A0-BEED-32E82FF476BC} = {699FD714-89DB-4A1C-B931-FADEA9A9FD34}
	EndGlobalSection
	GlobalSection(ExtensibilityGlobals) = postSolution
		SolutionGuid = {A959E08B-1B58-48A8-B7D3-B03AFEDF6339}
	EndGlobalSection
EndGlobal
